
Microsoft Visual Studio Solution File, Format Version 12.00
# Visual Studio Version 17
VisualStudioVersion = 17.7.34302.85
MinimumVisualStudioVersion = 10.0.40219.1
Project("{9A19103F-16F7-4668-BE54-9A1E7A4F7556}") = "Pool", "Pool\Pool.csproj", "{3472638E-23B9-449A-A699-77B8003279FA}"
EndProject
Project("{2150E333-8FDC-42A3-9474-1A3956D46DE8}") = "Solution Items", "Solution Items", "{F94C593D-7FF5-4B9E-A476-6FA97A81B8EC}"
	ProjectSection(SolutionItems) = preProject
		.editorconfig = .editorconfig
		..\.gitignore = ..\.gitignore
		..\LICENSE = ..\LICENSE
		..\README.md = ..\README.md
	EndProjectSection
EndProject
Project("{9A19103F-16F7-4668-BE54-9A1E7A4F7556}") = "Pool.Tests", "Pool.Tests\Pool.Tests.csproj", "{52461D23-3DF4-4999-A8B7-33E5A347D36A}"
EndProject
Project("{2150E333-8FDC-42A3-9474-1A3956D46DE8}") = "github", "github", "{D7906B44-E7D2-4D56-92E5-B93224F6E284}"
EndProject
Project("{2150E333-8FDC-42A3-9474-1A3956D46DE8}") = "workflows", "workflows", "{1AD8A305-D0ED-4DC5-9818-B2B72106E1B4}"
	ProjectSection(SolutionItems) = preProject
		..\.github\workflows\dotnet.publish.yml = ..\.github\workflows\dotnet.publish.yml
		..\.github\workflows\dotnet.tests.yml = ..\.github\workflows\dotnet.tests.yml
	EndProjectSection
EndProject
Global
	GlobalSection(SolutionConfigurationPlatforms) = preSolution
		Debug|Any CPU = Debug|Any CPU
		Release|Any CPU = Release|Any CPU
	EndGlobalSection
	GlobalSection(ProjectConfigurationPlatforms) = postSolution
		{3472638E-23B9-449A-A699-77B8003279FA}.Debug|Any CPU.ActiveCfg = Debug|Any CPU
		{3472638E-23B9-449A-A699-77B8003279FA}.Debug|Any CPU.Build.0 = Debug|Any CPU
		{3472638E-23B9-449A-A699-77B8003279FA}.Release|Any CPU.ActiveCfg = Release|Any CPU
		{3472638E-23B9-449A-A699-77B8003279FA}.Release|Any CPU.Build.0 = Release|Any CPU
		{52461D23-3DF4-4999-A8B7-33E5A347D36A}.Debug|Any CPU.ActiveCfg = Debug|Any CPU
		{52461D23-3DF4-4999-A8B7-33E5A347D36A}.Debug|Any CPU.Build.0 = Debug|Any CPU
		{52461D23-3DF4-4999-A8B7-33E5A347D36A}.Release|Any CPU.ActiveCfg = Release|Any CPU
		{52461D23-3DF4-4999-A8B7-33E5A347D36A}.Release|Any CPU.Build.0 = Release|Any CPU
	EndGlobalSection
	GlobalSection(SolutionProperties) = preSolution
		HideSolutionNode = FALSE
	EndGlobalSection
	GlobalSection(NestedProjects) = preSolution
		{D7906B44-E7D2-4D56-92E5-B93224F6E284} = {F94C593D-7FF5-4B9E-A476-6FA97A81B8EC}
		{1AD8A305-D0ED-4DC5-9818-B2B72106E1B4} = {D7906B44-E7D2-4D56-92E5-B93224F6E284}
	EndGlobalSection
	GlobalSection(ExtensibilityGlobals) = postSolution
		SolutionGuid = {B2867D55-9E17-4BFE-83E5-CA530883734C}
	EndGlobalSection
EndGlobal
